// !$*UTF8*$!
{
	archiveVersion = 1;
	classes = {
	};
	objectVersion = 55;
	objects = {

/* Begin PBXBuildFile section */
		76190E2128F977EA0000A050 /* CardPayment.swift in Sources */ = {isa = PBXBuildFile; fileRef = 76190E2028F977E90000A050 /* CardPayment.swift */; };
		76190E2328F978480000A050 /* TypePayment.swift in Sources */ = {isa = PBXBuildFile; fileRef = 76190E2228F978480000A050 /* TypePayment.swift */; };
		76190E2528F9788A0000A050 /* PaymentFactory.swift in Sources */ = {isa = PBXBuildFile; fileRef = 76190E2428F9788A0000A050 /* PaymentFactory.swift */; };
		7628B5EA28FCBFBA00E77721 /* PaymentAF.swift in Sources */ = {isa = PBXBuildFile; fileRef = 7628B5E928FCBFBA00E77721 /* PaymentAF.swift */; };
		7628B5EC28FCBFFE00E77721 /* CardPaymentAF.swift in Sources */ = {isa = PBXBuildFile; fileRef = 7628B5EB28FCBFFE00E77721 /* CardPaymentAF.swift */; };
		7628B5EE28FCC3DF00E77721 /* GooglePaymentAF.swift in Sources */ = {isa = PBXBuildFile; fileRef = 7628B5ED28FCC3DF00E77721 /* GooglePaymentAF.swift */; };
		7628B5F028FCC44400E77721 /* Method.swift in Sources */ = {isa = PBXBuildFile; fileRef = 7628B5EF28FCC44400E77721 /* Method.swift */; };
		7628B5F228FCC48100E77721 /* MonthlyMethod.swift in Sources */ = {isa = PBXBuildFile; fileRef = 7628B5F128FCC48100E77721 /* MonthlyMethod.swift */; };
		7628B5F428FCC4E900E77721 /* PaymentAdvancedMethod.swift in Sources */ = {isa = PBXBuildFile; fileRef = 7628B5F328FCC4E900E77721 /* PaymentAdvancedMethod.swift */; };
		7628B5F628FCC56B00E77721 /* AbstractFactory.swift in Sources */ = {isa = PBXBuildFile; fileRef = 7628B5F528FCC56B00E77721 /* AbstractFactory.swift */; };
		7628B5F828FCC5D000E77721 /* PaymentIntAdvancedCardFactory.swift in Sources */ = {isa = PBXBuildFile; fileRef = 7628B5F728FCC5D000E77721 /* PaymentIntAdvancedCardFactory.swift */; };
		7628B5FA28FCC65500E77721 /* MonthlyGoogleFactory.swift in Sources */ = {isa = PBXBuildFile; fileRef = 7628B5F928FCC65500E77721 /* MonthlyGoogleFactory.swift */; };
		7628B5FC28FCC6BA00E77721 /* PaymentMethodClient.swift in Sources */ = {isa = PBXBuildFile; fileRef = 7628B5FB28FCC6BA00E77721 /* PaymentMethodClient.swift */; };
		768824F928F976530085EF18 /* AppDelegate.swift in Sources */ = {isa = PBXBuildFile; fileRef = 768824F828F976530085EF18 /* AppDelegate.swift */; };
		768824FB28F976530085EF18 /* SceneDelegate.swift in Sources */ = {isa = PBXBuildFile; fileRef = 768824FA28F976530085EF18 /* SceneDelegate.swift */; };
		768824FD28F976530085EF18 /* ViewController.swift in Sources */ = {isa = PBXBuildFile; fileRef = 768824FC28F976530085EF18 /* ViewController.swift */; };
		7688250028F976530085EF18 /* Main.storyboard in Resources */ = {isa = PBXBuildFile; fileRef = 768824FE28F976530085EF18 /* Main.storyboard */; };
		7688250228F976570085EF18 /* Assets.xcassets in Resources */ = {isa = PBXBuildFile; fileRef = 7688250128F976570085EF18 /* Assets.xcassets */; };
		7688250528F976570085EF18 /* LaunchScreen.storyboard in Resources */ = {isa = PBXBuildFile; fileRef = 7688250328F976570085EF18 /* LaunchScreen.storyboard */; };
		7688250F28F977490085EF18 /* Payment.swift in Sources */ = {isa = PBXBuildFile; fileRef = 7688250E28F977490085EF18 /* Payment.swift */; };
		7688251128F9776D0085EF18 /* GooglePayment.swift in Sources */ = {isa = PBXBuildFile; fileRef = 7688251028F9776D0085EF18 /* GooglePayment.swift */; };
/* End PBXBuildFile section */

/* Begin PBXFileReference section */
		76190E2028F977E90000A050 /* CardPayment.swift */ = {isa = PBXFileReference; lastKnownFileType = sourcecode.swift; path = CardPayment.swift; sourceTree = "<group>"; };
		76190E2228F978480000A050 /* TypePayment.swift */ = {isa = PBXFileReference; lastKnownFileType = sourcecode.swift; path = TypePayment.swift; sourceTree = "<group>"; };
		76190E2428F9788A0000A050 /* PaymentFactory.swift */ = {isa = PBXFileReference; lastKnownFileType = sourcecode.swift; path = PaymentFactory.swift; sourceTree = "<group>"; };
		7628B5E928FCBFBA00E77721 /* PaymentAF.swift */ = {isa = PBXFileReference; lastKnownFileType = sourcecode.swift; path = PaymentAF.swift; sourceTree = "<group>"; };
		7628B5EB28FCBFFE00E77721 /* CardPaymentAF.swift */ = {isa = PBXFileReference; lastKnownFileType = sourcecode.swift; path = CardPaymentAF.swift; sourceTree = "<group>"; };
		7628B5ED28FCC3DF00E77721 /* GooglePaymentAF.swift */ = {isa = PBXFileReference; lastKnownFileType = sourcecode.swift; path = GooglePaymentAF.swift; sourceTree = "<group>"; };
		7628B5EF28FCC44400E77721 /* Method.swift */ = {isa = PBXFileReference; lastKnownFileType = sourcecode.swift; path = Method.swift; sourceTree = "<group>"; };
		7628B5F128FCC48100E77721 /* MonthlyMethod.swift */ = {isa = PBXFileReference; lastKnownFileType = sourcecode.swift; path = MonthlyMethod.swift; sourceTree = "<group>"; };
		7628B5F328FCC4E900E77721 /* PaymentAdvancedMethod.swift */ = {isa = PBXFileReference; lastKnownFileType = sourcecode.swift; path = PaymentAdvancedMethod.swift; sourceTree = "<group>"; };
		7628B5F528FCC56B00E77721 /* AbstractFactory.swift */ = {isa = PBXFileReference; lastKnownFileType = sourcecode.swift; path = AbstractFactory.swift; sourceTree = "<group>"; };
		7628B5F728FCC5D000E77721 /* PaymentIntAdvancedCardFactory.swift */ = {isa = PBXFileReference; lastKnownFileType = sourcecode.swift; path = PaymentIntAdvancedCardFactory.swift; sourceTree = "<group>"; };
		7628B5F928FCC65500E77721 /* MonthlyGoogleFactory.swift */ = {isa = PBXFileReference; lastKnownFileType = sourcecode.swift; path = MonthlyGoogleFactory.swift; sourceTree = "<group>"; };
		7628B5FB28FCC6BA00E77721 /* PaymentMethodClient.swift */ = {isa = PBXFileReference; lastKnownFileType = sourcecode.swift; path = PaymentMethodClient.swift; sourceTree = "<group>"; };
		768824F528F976530085EF18 /* DesignPatters.app */ = {isa = PBXFileReference; explicitFileType = wrapper.application; includeInIndex = 0; path = DesignPatters.app; sourceTree = BUILT_PRODUCTS_DIR; };
		768824F828F976530085EF18 /* AppDelegate.swift */ = {isa = PBXFileReference; lastKnownFileType = sourcecode.swift; path = AppDelegate.swift; sourceTree = "<group>"; };
		768824FA28F976530085EF18 /* SceneDelegate.swift */ = {isa = PBXFileReference; lastKnownFileType = sourcecode.swift; path = SceneDelegate.swift; sourceTree = "<group>"; };
		768824FC28F976530085EF18 /* ViewController.swift */ = {isa = PBXFileReference; lastKnownFileType = sourcecode.swift; path = ViewController.swift; sourceTree = "<group>"; };
		768824FF28F976530085EF18 /* Base */ = {isa = PBXFileReference; lastKnownFileType = file.storyboard; name = Base; path = Base.lproj/Main.storyboard; sourceTree = "<group>"; };
		7688250128F976570085EF18 /* Assets.xcassets */ = {isa = PBXFileReference; lastKnownFileType = folder.assetcatalog; path = Assets.xcassets; sourceTree = "<group>"; };
		7688250428F976570085EF18 /* Base */ = {isa = PBXFileReference; lastKnownFileType = file.storyboard; name = Base; path = Base.lproj/LaunchScreen.storyboard; sourceTree = "<group>"; };
		7688250628F976570085EF18 /* Info.plist */ = {isa = PBXFileReference; lastKnownFileType = text.plist.xml; path = Info.plist; sourceTree = "<group>"; };
		7688250E28F977490085EF18 /* Payment.swift */ = {isa = PBXFileReference; lastKnownFileType = sourcecode.swift; path = Payment.swift; sourceTree = "<group>"; };
		7688251028F9776D0085EF18 /* GooglePayment.swift */ = {isa = PBXFileReference; lastKnownFileType = sourcecode.swift; path = GooglePayment.swift; sourceTree = "<group>"; };
/* End PBXFileReference section */

/* Begin PBXFrameworksBuildPhase section */
		768824F228F976530085EF18 /* Frameworks */ = {
			isa = PBXFrameworksBuildPhase;
			buildActionMask = 2147483647;
			files = (
			);
			runOnlyForDeploymentPostprocessing = 0;
		};
/* End PBXFrameworksBuildPhase section */

/* Begin PBXGroup section */
		7628B5E828FCBFA400E77721 /* abstractFactory */ = {
			isa = PBXGroup;
			children = (
				7628B5E928FCBFBA00E77721 /* PaymentAF.swift */,
				7628B5EB28FCBFFE00E77721 /* CardPaymentAF.swift */,
				7628B5ED28FCC3DF00E77721 /* GooglePaymentAF.swift */,
				7628B5EF28FCC44400E77721 /* Method.swift */,
				7628B5F128FCC48100E77721 /* MonthlyMethod.swift */,
				7628B5F328FCC4E900E77721 /* PaymentAdvancedMethod.swift */,
				7628B5F528FCC56B00E77721 /* AbstractFactory.swift */,
				7628B5F728FCC5D000E77721 /* PaymentIntAdvancedCardFactory.swift */,
				7628B5F928FCC65500E77721 /* MonthlyGoogleFactory.swift */,
				7628B5FB28FCC6BA00E77721 /* PaymentMethodClient.swift */,
			);
			path = abstractFactory;
			sourceTree = "<group>";
		};
		768824EC28F976530085EF18 = {
			isa = PBXGroup;
			children = (
				768824F728F976530085EF18 /* DesignPatters */,
				768824F628F976530085EF18 /* Products */,
			);
			sourceTree = "<group>";
		};
		768824F628F976530085EF18 /* Products */ = {
			isa = PBXGroup;
			children = (
				768824F528F976530085EF18 /* DesignPatters.app */,
			);
			name = Products;
			sourceTree = "<group>";
		};
		768824F728F976530085EF18 /* DesignPatters */ = {
			isa = PBXGroup;
			children = (
				7688250C28F976730085EF18 /* creational */,
				768824F828F976530085EF18 /* AppDelegate.swift */,
				768824FA28F976530085EF18 /* SceneDelegate.swift */,
				768824FC28F976530085EF18 /* ViewController.swift */,
				768824FE28F976530085EF18 /* Main.storyboard */,
				7688250128F976570085EF18 /* Assets.xcassets */,
				7688250328F976570085EF18 /* LaunchScreen.storyboard */,
				7688250628F976570085EF18 /* Info.plist */,
			);
			path = DesignPatters;
			sourceTree = "<group>";
		};
		7688250C28F976730085EF18 /* creational */ = {
			isa = PBXGroup;
			children = (
				7628B5E828FCBFA400E77721 /* abstractFactory */,
				7688250D28F9767F0085EF18 /* FactoryMethod */,
			);
			path = creational;
			sourceTree = "<group>";
		};
		7688250D28F9767F0085EF18 /* FactoryMethod */ = {
			isa = PBXGroup;
			children = (
				7688250E28F977490085EF18 /* Payment.swift */,
				7688251028F9776D0085EF18 /* GooglePayment.swift */,
				76190E2028F977E90000A050 /* CardPayment.swift */,
				76190E2228F978480000A050 /* TypePayment.swift */,
				76190E2428F9788A0000A050 /* PaymentFactory.swift */,
			);
			path = FactoryMethod;
			sourceTree = "<group>";
		};
/* End PBXGroup section */

/* Begin PBXNativeTarget section */
		768824F428F976530085EF18 /* DesignPatters */ = {
			isa = PBXNativeTarget;
			buildConfigurationList = 7688250928F976570085EF18 /* Build configuration list for PBXNativeTarget "DesignPatters" */;
			buildPhases = (
				768824F128F976530085EF18 /* Sources */,
				768824F228F976530085EF18 /* Frameworks */,
				768824F328F976530085EF18 /* Resources */,
			);
			buildRules = (
			);
			dependencies = (
			);
			name = DesignPatters;
			productName = DesignPatters;
			productReference = 768824F528F976530085EF18 /* DesignPatters.app */;
			productType = "com.apple.product-type.application";
		};
/* End PBXNativeTarget section */

/* Begin PBXProject section */
		768824ED28F976530085EF18 /* Project object */ = {
			isa = PBXProject;
			attributes = {
				BuildIndependentTargetsInParallel = 1;
				LastSwiftUpdateCheck = 1330;
				LastUpgradeCheck = 1330;
				TargetAttributes = {
					768824F428F976530085EF18 = {
						CreatedOnToolsVersion = 13.3.1;
					};
				};
			};
			buildConfigurationList = 768824F028F976530085EF18 /* Build configuration list for PBXProject "DesignPatters" */;
			compatibilityVersion = "Xcode 13.0";
			developmentRegion = en;
			hasScannedForEncodings = 0;
			knownRegions = (
				en,
				Base,
			);
			mainGroup = 768824EC28F976530085EF18;
			productRefGroup = 768824F628F976530085EF18 /* Products */;
			projectDirPath = "";
			projectRoot = "";
			targets = (
				768824F428F976530085EF18 /* DesignPatters */,
			);
		};
/* End PBXProject section */

/* Begin PBXResourcesBuildPhase section */
		768824F328F976530085EF18 /* Resources */ = {
			isa = PBXResourcesBuildPhase;
			buildActionMask = 2147483647;
			files = (
				7688250528F976570085EF18 /* LaunchScreen.storyboard in Resources */,
				7688250228F976570085EF18 /* Assets.xcassets in Resources */,
				7688250028F976530085EF18 /* Main.storyboard in Resources */,
			);
			runOnlyForDeploymentPostprocessing = 0;
		};
/* End PBXResourcesBuildPhase section */

/* Begin PBXSourcesBuildPhase section */
		768824F128F976530085EF18 /* Sources */ = {
			isa = PBXSourcesBuildPhase;
			buildActionMask = 2147483647;
			files = (
				7628B5FC28FCC6BA00E77721 /* PaymentMethodClient.swift in Sources */,
				768824FD28F976530085EF18 /* ViewController.swift in Sources */,
				7628B5EA28FCBFBA00E77721 /* PaymentAF.swift in Sources */,
				768824F928F976530085EF18 /* AppDelegate.swift in Sources */,
				76190E2328F978480000A050 /* TypePayment.swift in Sources */,
				7628B5EE28FCC3DF00E77721 /* GooglePaymentAF.swift in Sources */,
				76190E2128F977EA0000A050 /* CardPayment.swift in Sources */,
				7688251128F9776D0085EF18 /* GooglePayment.swift in Sources */,
				7628B5F828FCC5D000E77721 /* PaymentIntAdvancedCardFactory.swift in Sources */,
				76190E2528F9788A0000A050 /* PaymentFactory.swift in Sources */,
				7628B5F228FCC48100E77721 /* MonthlyMethod.swift in Sources */,
				7628B5F028FCC44400E77721 /* Method.swift in Sources */,
				7628B5EC28FCBFFE00E77721 /* CardPaymentAF.swift in Sources */,
				7628B5F428FCC4E900E77721 /* PaymentAdvancedMethod.swift in Sources */,
				7628B5F628FCC56B00E77721 /* AbstractFactory.swift in Sources */,
				7688250F28F977490085EF18 /* Payment.swift in Sources */,
				7628B5FA28FCC65500E77721 /* MonthlyGoogleFactory.swift in Sources */,
				768824FB28F976530085EF18 /* SceneDelegate.swift in Sources */,
			);
			runOnlyForDeploymentPostprocessing = 0;
		};
/* End PBXSourcesBuildPhase section */

/* Begin PBXVariantGroup section */
		768824FE28F976530085EF18 /* Main.storyboard */ = {
			isa = PBXVariantGroup;
			children = (
				768824FF28F976530085EF18 /* Base */,
			);
			name = Main.storyboard;
			sourceTree = "<group>";
		};
		7688250328F976570085EF18 /* LaunchScreen.storyboard */ = {
			isa = PBXVariantGroup;
			children = (
				7688250428F976570085EF18 /* Base */,
			);
			name = LaunchScreen.storyboard;
			sourceTree = "<group>";
		};
/* End PBXVariantGroup section */

/* Begin XCBuildConfiguration section */
		7688250728F976570085EF18 /* Debug */ = {
			isa = XCBuildConfiguration;
			buildSettings = {
				ALWAYS_SEARCH_USER_PATHS = NO;
				CLANG_ANALYZER_NONNULL = YES;
				CLANG_ANALYZER_NUMBER_OBJECT_CONVERSION = YES_AGGRESSIVE;
				CLANG_CXX_LANGUAGE_STANDARD = "gnu++17";
				CLANG_ENABLE_MODULES = YES;
				CLANG_ENABLE_OBJC_ARC = YES;
				CLANG_ENABLE_OBJC_WEAK = YES;
				CLANG_WARN_BLOCK_CAPTURE_AUTORELEASING = YES;
				CLANG_WARN_BOOL_CONVERSION = YES;
				CLANG_WARN_COMMA = YES;
				CLANG_WARN_CONSTANT_CONVERSION = YES;
				CLANG_WARN_DEPRECATED_OBJC_IMPLEMENTATIONS = YES;
				CLANG_WARN_DIRECT_OBJC_ISA_USAGE = YES_ERROR;
				CLANG_WARN_DOCUMENTATION_COMMENTS = YES;
				CLANG_WARN_EMPTY_BODY = YES;
				CLANG_WARN_ENUM_CONVERSION = YES;
				CLANG_WARN_INFINITE_RECURSION = YES;
				CLANG_WARN_INT_CONVERSION = YES;
				CLANG_WARN_NON_LITERAL_NULL_CONVERSION = YES;
				CLANG_WARN_OBJC_IMPLICIT_RETAIN_SELF = YES;
				CLANG_WARN_OBJC_LITERAL_CONVERSION = YES;
				CLANG_WARN_OBJC_ROOT_CLASS = YES_ERROR;
				CLANG_WARN_QUOTED_INCLUDE_IN_FRAMEWORK_HEADER = YES;
				CLANG_WARN_RANGE_LOOP_ANALYSIS = YES;
				CLANG_WARN_STRICT_PROTOTYPES = YES;
				CLANG_WARN_SUSPICIOUS_MOVE = YES;
				CLANG_WARN_UNGUARDED_AVAILABILITY = YES_AGGRESSIVE;
				CLANG_WARN_UNREACHABLE_CODE = YES;
				CLANG_WARN__DUPLICATE_METHOD_MATCH = YES;
				COPY_PHASE_STRIP = NO;
				DEBUG_INFORMATION_FORMAT = dwarf;
				ENABLE_STRICT_OBJC_MSGSEND = YES;
				ENABLE_TESTABILITY = YES;
				GCC_C_LANGUAGE_STANDARD = gnu11;
				GCC_DYNAMIC_NO_PIC = NO;
				GCC_NO_COMMON_BLOCKS = YES;
				GCC_OPTIMIZATION_LEVEL = 0;
				GCC_PREPROCESSOR_DEFINITIONS = (
					"DEBUG=1",
					"$(inherited)",
				);
				GCC_WARN_64_TO_32_BIT_CONVERSION = YES;
				GCC_WARN_ABOUT_RETURN_TYPE = YES_ERROR;
				GCC_WARN_UNDECLARED_SELECTOR = YES;
				GCC_WARN_UNINITIALIZED_AUTOS = YES_AGGRESSIVE;
				GCC_WARN_UNUSED_FUNCTION = YES;
				GCC_WARN_UNUSED_VARIABLE = YES;
				IPHONEOS_DEPLOYMENT_TARGET = 15.4;
				MTL_ENABLE_DEBUG_INFO = INCLUDE_SOURCE;
				MTL_FAST_MATH = YES;
				ONLY_ACTIVE_ARCH = YES;
				SDKROOT = iphoneos;
				SWIFT_ACTIVE_COMPILATION_CONDITIONS = DEBUG;
				SWIFT_OPTIMIZATION_LEVEL = "-Onone";
			};
			name = Debug;
		};
		7688250828F976570085EF18 /* Release */ = {
			isa = XCBuildConfiguration;
			buildSettings = {
				ALWAYS_SEARCH_USER_PATHS = NO;
				CLANG_ANALYZER_NONNULL = YES;
				CLANG_ANALYZER_NUMBER_OBJECT_CONVERSION = YES_AGGRESSIVE;
				CLANG_CXX_LANGUAGE_STANDARD = "gnu++17";
				CLANG_ENABLE_MODULES = YES;
				CLANG_ENABLE_OBJC_ARC = YES;
				CLANG_ENABLE_OBJC_WEAK = YES;
				CLANG_WARN_BLOCK_CAPTURE_AUTORELEASING = YES;
				CLANG_WARN_BOOL_CONVERSION = YES;
				CLANG_WARN_COMMA = YES;
				CLANG_WARN_CONSTANT_CONVERSION = YES;
				CLANG_WARN_DEPRECATED_OBJC_IMPLEMENTATIONS = YES;
				CLANG_WARN_DIRECT_OBJC_ISA_USAGE = YES_ERROR;
				CLANG_WARN_DOCUMENTATION_COMMENTS = YES;
				CLANG_WARN_EMPTY_BODY = YES;
				CLANG_WARN_ENUM_CONVERSION = YES;
				CLANG_WARN_INFINITE_RECURSION = YES;
				CLANG_WARN_INT_CONVERSION = YES;
				CLANG_WARN_NON_LITERAL_NULL_CONVERSION = YES;
				CLANG_WARN_OBJC_IMPLICIT_RETAIN_SELF = YES;
				CLANG_WARN_OBJC_LITERAL_CONVERSION = YES;
				CLANG_WARN_OBJC_ROOT_CLASS = YES_ERROR;
				CLANG_WARN_QUOTED_INCLUDE_IN_FRAMEWORK_HEADER = YES;
				CLANG_WARN_RANGE_LOOP_ANALYSIS = YES;
				CLANG_WARN_STRICT_PROTOTYPES = YES;
				CLANG_WARN_SUSPICIOUS_MOVE = YES;
				CLANG_WARN_UNGUARDED_AVAILABILITY = YES_AGGRESSIVE;
				CLANG_WARN_UNREACHABLE_CODE = YES;
				CLANG_WARN__DUPLICATE_METHOD_MATCH = YES;
				COPY_PHASE_STRIP = NO;
				DEBUG_INFORMATION_FORMAT = "dwarf-with-dsym";
				ENABLE_NS_ASSERTIONS = NO;
				ENABLE_STRICT_OBJC_MSGSEND = YES;
				GCC_C_LANGUAGE_STANDARD = gnu11;
				GCC_NO_COMMON_BLOCKS = YES;
				GCC_WARN_64_TO_32_BIT_CONVERSION = YES;
				GCC_WARN_ABOUT_RETURN_TYPE = YES_ERROR;
				GCC_WARN_UNDECLARED_SELECTOR = YES;
				GCC_WARN_UNINITIALIZED_AUTOS = YES_AGGRESSIVE;
				GCC_WARN_UNUSED_FUNCTION = YES;
				GCC_WARN_UNUSED_VARIABLE = YES;
				IPHONEOS_DEPLOYMENT_TARGET = 15.4;
				MTL_ENABLE_DEBUG_INFO = NO;
				MTL_FAST_MATH = YES;
				SDKROOT = iphoneos;
				SWIFT_COMPILATION_MODE = wholemodule;
				SWIFT_OPTIMIZATION_LEVEL = "-O";
				VALIDATE_PRODUCT = YES;
			};
			name = Release;
		};
		7688250A28F976570085EF18 /* Debug */ = {
			isa = XCBuildConfiguration;
			buildSettings = {
				ASSETCATALOG_COMPILER_APPICON_NAME = AppIcon;
				ASSETCATALOG_COMPILER_GLOBAL_ACCENT_COLOR_NAME = AccentColor;
				CODE_SIGN_STYLE = Automatic;
				CURRENT_PROJECT_VERSION = 1;
				GENERATE_INFOPLIST_FILE = YES;
				INFOPLIST_FILE = DesignPatters/Info.plist;
				INFOPLIST_KEY_UIApplicationSupportsIndirectInputEvents = YES;
				INFOPLIST_KEY_UILaunchStoryboardName = LaunchScreen;
				INFOPLIST_KEY_UIMainStoryboardFile = Main;
				INFOPLIST_KEY_UISupportedInterfaceOrientations_iPad = "UIInterfaceOrientationPortrait UIInterfaceOrientationPortraitUpsideDown UIInterfaceOrientationLandscapeLeft UIInterfaceOrientationLandscapeRight";
				INFOPLIST_KEY_UISupportedInterfaceOrientations_iPhone = "UIInterfaceOrientationPortrait UIInterfaceOrientationLandscapeLeft UIInterfaceOrientationLandscapeRight";
				LD_RUNPATH_SEARCH_PATHS = (
					"$(inherited)",
					"@executable_path/Frameworks",
				);
				MARKETING_VERSION = 1.0;
				PRODUCT_BUNDLE_IDENTIFIER = com.iscrozo.DesignPatters;
				PRODUCT_NAME = "$(TARGET_NAME)";
				SWIFT_EMIT_LOC_STRINGS = YES;
				SWIFT_VERSION = 5.0;
				TARGETED_DEVICE_FAMILY = "1,2";
			};
			name = Debug;
		};
		7688250B28F976570085EF18 /* Release */ = {
			isa = XCBuildConfiguration;
			buildSettings = {
				ASSETCATALOG_COMPILER_APPICON_NAME = AppIcon;
				ASSETCATALOG_COMPILER_GLOBAL_ACCENT_COLOR_NAME = AccentColor;
				CODE_SIGN_STYLE = Automatic;
				CURRENT_PROJECT_VERSION = 1;
				GENERATE_INFOPLIST_FILE = YES;
				INFOPLIST_FILE = DesignPatters/Info.plist;
				INFOPLIST_KEY_UIApplicationSupportsIndirectInputEvents = YES;
				INFOPLIST_KEY_UILaunchStoryboardName = LaunchScreen;
				INFOPLIST_KEY_UIMainStoryboardFile = Main;
				INFOPLIST_KEY_UISupportedInterfaceOrientations_iPad = "UIInterfaceOrientationPortrait UIInterfaceOrientationPortraitUpsideDown UIInterfaceOrientationLandscapeLeft UIInterfaceOrientationLandscapeRight";
				INFOPLIST_KEY_UISupportedInterfaceOrientations_iPhone = "UIInterfaceOrientationPortrait UIInterfaceOrientationLandscapeLeft UIInterfaceOrientationLandscapeRight";
				LD_RUNPATH_SEARCH_PATHS = (
					"$(inherited)",
					"@executable_path/Frameworks",
				);
				MARKETING_VERSION = 1.0;
				PRODUCT_BUNDLE_IDENTIFIER = com.iscrozo.DesignPatters;
				PRODUCT_NAME = "$(TARGET_NAME)";
				SWIFT_EMIT_LOC_STRINGS = YES;
				SWIFT_VERSION = 5.0;
				TARGETED_DEVICE_FAMILY = "1,2";
			};
			name = Release;
		};
/* End XCBuildConfiguration section */

/* Begin XCConfigurationList section */
		768824F028F976530085EF18 /* Build configuration list for PBXProject "DesignPatters" */ = {
			isa = XCConfigurationList;
			buildConfigurations = (
				7688250728F976570085EF18 /* Debug */,
				7688250828F976570085EF18 /* Release */,
			);
			defaultConfigurationIsVisible = 0;
			defaultConfigurationName = Release;
		};
		7688250928F976570085EF18 /* Build configuration list for PBXNativeTarget "DesignPatters" */ = {
			isa = XCConfigurationList;
			buildConfigurations = (
				7688250A28F976570085EF18 /* Debug */,
				7688250B28F976570085EF18 /* Release */,
			);
			defaultConfigurationIsVisible = 0;
			defaultConfigurationName = Release;
		};
/* End XCConfigurationList section */
	};
	rootObject = 768824ED28F976530085EF18 /* Project object */;
}
