// !$*UTF8*$!
{
	archiveVersion = 1;
	classes = {
	};
	objectVersion = 55;
	objects = {

/* Begin PBXBuildFile section */
		76190E2128F977EA0000A050 /* CardPayment.swift in Sources */ = {isa = PBXBuildFile; fileRef = 76190E2028F977E90000A050 /* CardPayment.swift */; };
		76190E2328F978480000A050 /* TypePayment.swift in Sources */ = {isa = PBXBuildFile; fileRef = 76190E2228F978480000A050 /* TypePayment.swift */; };
		76190E2528F9788A0000A050 /* PaymentFactory.swift in Sources */ = {isa = PBXBuildFile; fileRef = 76190E2428F9788A0000A050 /* PaymentFactory.swift */; };
		7628B5EA28FCBFBA00E77721 /* PaymentAF.swift in Sources */ = {isa = PBXBuildFile; fileRef = 7628B5E928FCBFBA00E77721 /* PaymentAF.swift */; };
		7628B5EC28FCBFFE00E77721 /* CardPaymentAF.swift in Sources */ = {isa = PBXBuildFile; fileRef = 7628B5EB28FCBFFE00E77721 /* CardPaymentAF.swift */; };
		7628B5EE28FCC3DF00E77721 /* GooglePaymentAF.swift in Sources */ = {isa = PBXBuildFile; fileRef = 7628B5ED28FCC3DF00E77721 /* GooglePaymentAF.swift */; };
		7628B5F028FCC44400E77721 /* Method.swift in Sources */ = {isa = PBXBuildFile; fileRef = 7628B5EF28FCC44400E77721 /* Method.swift */; };
		7628B5F228FCC48100E77721 /* MonthlyMethod.swift in Sources */ = {isa = PBXBuildFile; fileRef = 7628B5F128FCC48100E77721 /* MonthlyMethod.swift */; };
		7628B5F428FCC4E900E77721 /* PaymentAdvancedMethod.swift in Sources */ = {isa = PBXBuildFile; fileRef = 7628B5F328FCC4E900E77721 /* PaymentAdvancedMethod.swift */; };
		7628B5F628FCC56B00E77721 /* AbstractFactory.swift in Sources */ = {isa = PBXBuildFile; fileRef = 7628B5F528FCC56B00E77721 /* AbstractFactory.swift */; };
		7628B5F828FCC5D000E77721 /* PaymentIntAdvancedCardFactory.swift in Sources */ = {isa = PBXBuildFile; fileRef = 7628B5F728FCC5D000E77721 /* PaymentIntAdvancedCardFactory.swift */; };
		7628B5FA28FCC65500E77721 /* MonthlyGoogleFactory.swift in Sources */ = {isa = PBXBuildFile; fileRef = 7628B5F928FCC65500E77721 /* MonthlyGoogleFactory.swift */; };
		7628B5FC28FCC6BA00E77721 /* PaymentMethodClient.swift in Sources */ = {isa = PBXBuildFile; fileRef = 7628B5FB28FCC6BA00E77721 /* PaymentMethodClient.swift */; };
		7628B5FF28FCD25800E77721 /* Card.swift in Sources */ = {isa = PBXBuildFile; fileRef = 7628B5FE28FCD25800E77721 /* Card.swift */; };
		7628B60228FCEF7200E77721 /* PrototypeCard.swift in Sources */ = {isa = PBXBuildFile; fileRef = 7628B60128FCEF7200E77721 /* PrototypeCard.swift */; };
		7628B60428FCF03600E77721 /* VisaCard.swift in Sources */ = {isa = PBXBuildFile; fileRef = 7628B60328FCF03600E77721 /* VisaCard.swift */; };
		7628B60728FCF70B00E77721 /* CardSingleton.swift in Sources */ = {isa = PBXBuildFile; fileRef = 7628B60628FCF70B00E77721 /* CardSingleton.swift */; };
		763ACBE828FF80B700B1D70D /* ArticleMemento.swift in Sources */ = {isa = PBXBuildFile; fileRef = 763ACBE728FF80B700B1D70D /* ArticleMemento.swift */; };
		763ACBEA28FF80F000B1D70D /* ArticleOriginator.swift in Sources */ = {isa = PBXBuildFile; fileRef = 763ACBE928FF80F000B1D70D /* ArticleOriginator.swift */; };
		763ACBEC28FF818D00B1D70D /* Carataker.swift in Sources */ = {isa = PBXBuildFile; fileRef = 763ACBEB28FF818D00B1D70D /* Carataker.swift */; };
		763ACBEF28FF865C00B1D70D /* TrafficLight.swift in Sources */ = {isa = PBXBuildFile; fileRef = 763ACBEE28FF865C00B1D70D /* TrafficLight.swift */; };
		763ACBF128FF868F00B1D70D /* Observer.swift in Sources */ = {isa = PBXBuildFile; fileRef = 763ACBF028FF868F00B1D70D /* Observer.swift */; };
		763ACBF328FF86B800B1D70D /* Subject.swift in Sources */ = {isa = PBXBuildFile; fileRef = 763ACBF228FF86B800B1D70D /* Subject.swift */; };
		763ACBF528FF871000B1D70D /* MessagePublisher.swift in Sources */ = {isa = PBXBuildFile; fileRef = 763ACBF428FF871000B1D70D /* MessagePublisher.swift */; };
		763ACBF728FF9CE600B1D70D /* Car.swift in Sources */ = {isa = PBXBuildFile; fileRef = 763ACBF628FF9CE600B1D70D /* Car.swift */; };
		763ACBF928FF9F6A00B1D70D /* Pedestrian.swift in Sources */ = {isa = PBXBuildFile; fileRef = 763ACBF828FF9F6A00B1D70D /* Pedestrian.swift */; };
		764CE6672900B9F8004CC59C /* PaymentTemplate.swift in Sources */ = {isa = PBXBuildFile; fileRef = 764CE6662900B9F8004CC59C /* PaymentTemplate.swift */; };
		764CE6692900BABE004CC59C /* Paypal.swift in Sources */ = {isa = PBXBuildFile; fileRef = 764CE6682900BABE004CC59C /* Paypal.swift */; };
		764CE66B2900BB69004CC59C /* Visa.swift in Sources */ = {isa = PBXBuildFile; fileRef = 764CE66A2900BB69004CC59C /* Visa.swift */; };
		764CE66E2900BD56004CC59C /* CreditCardVisitor.swift in Sources */ = {isa = PBXBuildFile; fileRef = 764CE66D2900BD56004CC59C /* CreditCardVisitor.swift */; };
		764CE6702900BD73004CC59C /* OfferElement.swift in Sources */ = {isa = PBXBuildFile; fileRef = 764CE66F2900BD73004CC59C /* OfferElement.swift */; };
		764CE6722900BD9C004CC59C /* GassolineOffer.swift in Sources */ = {isa = PBXBuildFile; fileRef = 764CE6712900BD9C004CC59C /* GassolineOffer.swift */; };
		764CE6742900BE10004CC59C /* FligthOffer.swift in Sources */ = {isa = PBXBuildFile; fileRef = 764CE6732900BE10004CC59C /* FligthOffer.swift */; };
		764CE6762900BE43004CC59C /* ClassicCreditCardVisitor.swift in Sources */ = {isa = PBXBuildFile; fileRef = 764CE6752900BE43004CC59C /* ClassicCreditCardVisitor.swift */; };
		764CE6782900C914004CC59C /* BlackCreditCardVisitor.swift in Sources */ = {isa = PBXBuildFile; fileRef = 764CE6772900C914004CC59C /* BlackCreditCardVisitor.swift */; };
		764CE67C2900D2CE004CC59C /* OperationTarget.swift in Sources */ = {isa = PBXBuildFile; fileRef = 764CE67B2900D2CE004CC59C /* OperationTarget.swift */; };
		764CE67E2900D2F0004CC59C /* OperationAdaptee.swift in Sources */ = {isa = PBXBuildFile; fileRef = 764CE67D2900D2F0004CC59C /* OperationAdaptee.swift */; };
		764CE6802900D36B004CC59C /* OperationAdapter.swift in Sources */ = {isa = PBXBuildFile; fileRef = 764CE67F2900D36B004CC59C /* OperationAdapter.swift */; };
		764CE6832900D5EC004CC59C /* CreditCardProtocol.swift in Sources */ = {isa = PBXBuildFile; fileRef = 764CE6822900D5EC004CC59C /* CreditCardProtocol.swift */; };
		764CE6852900D610004CC59C /* SecureCreditCard.swift in Sources */ = {isa = PBXBuildFile; fileRef = 764CE6842900D610004CC59C /* SecureCreditCard.swift */; };
		764CE6872900D647004CC59C /* UnsecureCreditCard.swift in Sources */ = {isa = PBXBuildFile; fileRef = 764CE6862900D647004CC59C /* UnsecureCreditCard.swift */; };
		764CE6892900D685004CC59C /* CreditCardB.swift in Sources */ = {isa = PBXBuildFile; fileRef = 764CE6882900D685004CC59C /* CreditCardB.swift */; };
		764CE68B2900D6D5004CC59C /* ClassicCreditCard.swift in Sources */ = {isa = PBXBuildFile; fileRef = 764CE68A2900D6D5004CC59C /* ClassicCreditCard.swift */; };
		768824F928F976530085EF18 /* AppDelegate.swift in Sources */ = {isa = PBXBuildFile; fileRef = 768824F828F976530085EF18 /* AppDelegate.swift */; };
		768824FB28F976530085EF18 /* SceneDelegate.swift in Sources */ = {isa = PBXBuildFile; fileRef = 768824FA28F976530085EF18 /* SceneDelegate.swift */; };
		768824FD28F976530085EF18 /* ViewController.swift in Sources */ = {isa = PBXBuildFile; fileRef = 768824FC28F976530085EF18 /* ViewController.swift */; };
		7688250028F976530085EF18 /* Main.storyboard in Resources */ = {isa = PBXBuildFile; fileRef = 768824FE28F976530085EF18 /* Main.storyboard */; };
		7688250228F976570085EF18 /* Assets.xcassets in Resources */ = {isa = PBXBuildFile; fileRef = 7688250128F976570085EF18 /* Assets.xcassets */; };
		7688250528F976570085EF18 /* LaunchScreen.storyboard in Resources */ = {isa = PBXBuildFile; fileRef = 7688250328F976570085EF18 /* LaunchScreen.storyboard */; };
		7688250F28F977490085EF18 /* Payment.swift in Sources */ = {isa = PBXBuildFile; fileRef = 7688250E28F977490085EF18 /* Payment.swift */; };
		7688251128F9776D0085EF18 /* GooglePayment.swift in Sources */ = {isa = PBXBuildFile; fileRef = 7688251028F9776D0085EF18 /* GooglePayment.swift */; };
		76CFC9E2290016BA008AFF12 /* MobileAlertStateContext.swift in Sources */ = {isa = PBXBuildFile; fileRef = 76CFC9E1290016BA008AFF12 /* MobileAlertStateContext.swift */; };
		76CFC9E4290016DC008AFF12 /* MobileAlertState.swift in Sources */ = {isa = PBXBuildFile; fileRef = 76CFC9E3290016DC008AFF12 /* MobileAlertState.swift */; };
		76CFC9E62900170A008AFF12 /* Sound.swift in Sources */ = {isa = PBXBuildFile; fileRef = 76CFC9E52900170A008AFF12 /* Sound.swift */; };
		76CFC9E829001735008AFF12 /* Vibration.swift in Sources */ = {isa = PBXBuildFile; fileRef = 76CFC9E729001735008AFF12 /* Vibration.swift */; };
		76CFC9EA2900177D008AFF12 /* Slient.swift in Sources */ = {isa = PBXBuildFile; fileRef = 76CFC9E92900177D008AFF12 /* Slient.swift */; };
		76CFC9ED29001999008AFF12 /* Expression.swift in Sources */ = {isa = PBXBuildFile; fileRef = 76CFC9EC29001999008AFF12 /* Expression.swift */; };
		76CFC9EF290019C3008AFF12 /* AndExpression.swift in Sources */ = {isa = PBXBuildFile; fileRef = 76CFC9EE290019C3008AFF12 /* AndExpression.swift */; };
		76CFC9F129001A50008AFF12 /* OrExpression.swift in Sources */ = {isa = PBXBuildFile; fileRef = 76CFC9F029001A50008AFF12 /* OrExpression.swift */; };
		76CFC9F329001A87008AFF12 /* TerminalExpression.swift in Sources */ = {isa = PBXBuildFile; fileRef = 76CFC9F229001A87008AFF12 /* TerminalExpression.swift */; };
		76CFC9F629001D1A008AFF12 /* StrategyTextFormatter.swift in Sources */ = {isa = PBXBuildFile; fileRef = 76CFC9F529001D1A008AFF12 /* StrategyTextFormatter.swift */; };
		76CFC9F829001D75008AFF12 /* CapitalStrategyTextFormatter.swift in Sources */ = {isa = PBXBuildFile; fileRef = 76CFC9F729001D75008AFF12 /* CapitalStrategyTextFormatter.swift */; };
		76CFC9FA29001DBE008AFF12 /* LowerStratefyTextFormatter.swift in Sources */ = {isa = PBXBuildFile; fileRef = 76CFC9F929001DBE008AFF12 /* LowerStratefyTextFormatter.swift */; };
		76CFC9FD29001DED008AFF12 /* Context.swift in Sources */ = {isa = PBXBuildFile; fileRef = 76CFC9FC29001DED008AFF12 /* Context.swift */; };
		76F4B5AC28FE2D6E008C01B2 /* ApprovedLoanHandler.swift in Sources */ = {isa = PBXBuildFile; fileRef = 76F4B5AB28FE2D6E008C01B2 /* ApprovedLoanHandler.swift */; };
		76F4B5AE28FE2DD1008C01B2 /* GoldHandler.swift in Sources */ = {isa = PBXBuildFile; fileRef = 76F4B5AD28FE2DD1008C01B2 /* GoldHandler.swift */; };
		76F4B5B028FE2E80008C01B2 /* PlatiniumHandler.swift in Sources */ = {isa = PBXBuildFile; fileRef = 76F4B5AF28FE2E80008C01B2 /* PlatiniumHandler.swift */; };
		76F4B5B228FE2ED3008C01B2 /* BlackHandler.swift in Sources */ = {isa = PBXBuildFile; fileRef = 76F4B5B128FE2ED3008C01B2 /* BlackHandler.swift */; };
		76F4B5B428FE2F36008C01B2 /* BankHandler.swift in Sources */ = {isa = PBXBuildFile; fileRef = 76F4B5B328FE2F36008C01B2 /* BankHandler.swift */; };
		76F4B5B728FE38C6008C01B2 /* Command.swift in Sources */ = {isa = PBXBuildFile; fileRef = 76F4B5B628FE38C6008C01B2 /* Command.swift */; };
		76F4B5B928FE38E4008C01B2 /* CreditCardReceive.swift in Sources */ = {isa = PBXBuildFile; fileRef = 76F4B5B828FE38E4008C01B2 /* CreditCardReceive.swift */; };
		76F4B5BB28FE39AF008C01B2 /* CreditCardActivateCommand.swift in Sources */ = {isa = PBXBuildFile; fileRef = 76F4B5BA28FE39AF008C01B2 /* CreditCardActivateCommand.swift */; };
		76F4B5BD28FE3A2B008C01B2 /* CreditCardDesactivateCommand.swift in Sources */ = {isa = PBXBuildFile; fileRef = 76F4B5BC28FE3A2B008C01B2 /* CreditCardDesactivateCommand.swift */; };
		76F4B5BF28FE3A87008C01B2 /* CreditCardInvoker.swift in Sources */ = {isa = PBXBuildFile; fileRef = 76F4B5BE28FE3A87008C01B2 /* CreditCardInvoker.swift */; };
		76F4B5C228FE3DB1008C01B2 /* CreditCard.swift in Sources */ = {isa = PBXBuildFile; fileRef = 76F4B5C128FE3DB1008C01B2 /* CreditCard.swift */; };
		76F4B5C428FE3DEE008C01B2 /* CreditCardCollection.swift in Sources */ = {isa = PBXBuildFile; fileRef = 76F4B5C328FE3DEE008C01B2 /* CreditCardCollection.swift */; };
		76F4B5C628FE3E7C008C01B2 /* CreditCardIterator.swift in Sources */ = {isa = PBXBuildFile; fileRef = 76F4B5C528FE3E7C008C01B2 /* CreditCardIterator.swift */; };
		76F4B5C928FE473C008C01B2 /* Mediator.swift in Sources */ = {isa = PBXBuildFile; fileRef = 76F4B5C828FE473C008C01B2 /* Mediator.swift */; };
		76F4B5CB28FE475E008C01B2 /* Colleague.swift in Sources */ = {isa = PBXBuildFile; fileRef = 76F4B5CA28FE475E008C01B2 /* Colleague.swift */; };
		76F4B5CD28FE47B8008C01B2 /* ConcreteColleague1.swift in Sources */ = {isa = PBXBuildFile; fileRef = 76F4B5CC28FE47B8008C01B2 /* ConcreteColleague1.swift */; };
		76F4B5CF28FE4828008C01B2 /* ConcreteColleague2.swift in Sources */ = {isa = PBXBuildFile; fileRef = 76F4B5CE28FE4828008C01B2 /* ConcreteColleague2.swift */; };
		76F4B5D128FE4863008C01B2 /* ConcreteMediator.swift in Sources */ = {isa = PBXBuildFile; fileRef = 76F4B5D028FE4863008C01B2 /* ConcreteMediator.swift */; };
/* End PBXBuildFile section */

/* Begin PBXFileReference section */
		76190E2028F977E90000A050 /* CardPayment.swift */ = {isa = PBXFileReference; lastKnownFileType = sourcecode.swift; path = CardPayment.swift; sourceTree = "<group>"; };
		76190E2228F978480000A050 /* TypePayment.swift */ = {isa = PBXFileReference; lastKnownFileType = sourcecode.swift; path = TypePayment.swift; sourceTree = "<group>"; };
		76190E2428F9788A0000A050 /* PaymentFactory.swift */ = {isa = PBXFileReference; lastKnownFileType = sourcecode.swift; path = PaymentFactory.swift; sourceTree = "<group>"; };
		7628B5E928FCBFBA00E77721 /* PaymentAF.swift */ = {isa = PBXFileReference; lastKnownFileType = sourcecode.swift; path = PaymentAF.swift; sourceTree = "<group>"; };
		7628B5EB28FCBFFE00E77721 /* CardPaymentAF.swift */ = {isa = PBXFileReference; lastKnownFileType = sourcecode.swift; path = CardPaymentAF.swift; sourceTree = "<group>"; };
		7628B5ED28FCC3DF00E77721 /* GooglePaymentAF.swift */ = {isa = PBXFileReference; lastKnownFileType = sourcecode.swift; path = GooglePaymentAF.swift; sourceTree = "<group>"; };
		7628B5EF28FCC44400E77721 /* Method.swift */ = {isa = PBXFileReference; lastKnownFileType = sourcecode.swift; path = Method.swift; sourceTree = "<group>"; };
		7628B5F128FCC48100E77721 /* MonthlyMethod.swift */ = {isa = PBXFileReference; lastKnownFileType = sourcecode.swift; path = MonthlyMethod.swift; sourceTree = "<group>"; };
		7628B5F328FCC4E900E77721 /* PaymentAdvancedMethod.swift */ = {isa = PBXFileReference; lastKnownFileType = sourcecode.swift; path = PaymentAdvancedMethod.swift; sourceTree = "<group>"; };
		7628B5F528FCC56B00E77721 /* AbstractFactory.swift */ = {isa = PBXFileReference; lastKnownFileType = sourcecode.swift; path = AbstractFactory.swift; sourceTree = "<group>"; };
		7628B5F728FCC5D000E77721 /* PaymentIntAdvancedCardFactory.swift */ = {isa = PBXFileReference; lastKnownFileType = sourcecode.swift; path = PaymentIntAdvancedCardFactory.swift; sourceTree = "<group>"; };
		7628B5F928FCC65500E77721 /* MonthlyGoogleFactory.swift */ = {isa = PBXFileReference; lastKnownFileType = sourcecode.swift; path = MonthlyGoogleFactory.swift; sourceTree = "<group>"; };
		7628B5FB28FCC6BA00E77721 /* PaymentMethodClient.swift */ = {isa = PBXFileReference; lastKnownFileType = sourcecode.swift; path = PaymentMethodClient.swift; sourceTree = "<group>"; };
		7628B5FE28FCD25800E77721 /* Card.swift */ = {isa = PBXFileReference; lastKnownFileType = sourcecode.swift; path = Card.swift; sourceTree = "<group>"; };
		7628B60128FCEF7200E77721 /* PrototypeCard.swift */ = {isa = PBXFileReference; lastKnownFileType = sourcecode.swift; path = PrototypeCard.swift; sourceTree = "<group>"; };
		7628B60328FCF03600E77721 /* VisaCard.swift */ = {isa = PBXFileReference; lastKnownFileType = sourcecode.swift; path = VisaCard.swift; sourceTree = "<group>"; };
		7628B60628FCF70B00E77721 /* CardSingleton.swift */ = {isa = PBXFileReference; lastKnownFileType = sourcecode.swift; path = CardSingleton.swift; sourceTree = "<group>"; };
		763ACBE728FF80B700B1D70D /* ArticleMemento.swift */ = {isa = PBXFileReference; lastKnownFileType = sourcecode.swift; path = ArticleMemento.swift; sourceTree = "<group>"; };
		763ACBE928FF80F000B1D70D /* ArticleOriginator.swift */ = {isa = PBXFileReference; lastKnownFileType = sourcecode.swift; path = ArticleOriginator.swift; sourceTree = "<group>"; };
		763ACBEB28FF818D00B1D70D /* Carataker.swift */ = {isa = PBXFileReference; lastKnownFileType = sourcecode.swift; path = Carataker.swift; sourceTree = "<group>"; };
		763ACBEE28FF865C00B1D70D /* TrafficLight.swift */ = {isa = PBXFileReference; lastKnownFileType = sourcecode.swift; path = TrafficLight.swift; sourceTree = "<group>"; };
		763ACBF028FF868F00B1D70D /* Observer.swift */ = {isa = PBXFileReference; lastKnownFileType = sourcecode.swift; path = Observer.swift; sourceTree = "<group>"; };
		763ACBF228FF86B800B1D70D /* Subject.swift */ = {isa = PBXFileReference; lastKnownFileType = sourcecode.swift; path = Subject.swift; sourceTree = "<group>"; };
		763ACBF428FF871000B1D70D /* MessagePublisher.swift */ = {isa = PBXFileReference; lastKnownFileType = sourcecode.swift; path = MessagePublisher.swift; sourceTree = "<group>"; };
		763ACBF628FF9CE600B1D70D /* Car.swift */ = {isa = PBXFileReference; lastKnownFileType = sourcecode.swift; path = Car.swift; sourceTree = "<group>"; };
		763ACBF828FF9F6A00B1D70D /* Pedestrian.swift */ = {isa = PBXFileReference; lastKnownFileType = sourcecode.swift; path = Pedestrian.swift; sourceTree = "<group>"; };
		764CE6662900B9F8004CC59C /* PaymentTemplate.swift */ = {isa = PBXFileReference; lastKnownFileType = sourcecode.swift; path = PaymentTemplate.swift; sourceTree = "<group>"; };
		764CE6682900BABE004CC59C /* Paypal.swift */ = {isa = PBXFileReference; lastKnownFileType = sourcecode.swift; path = Paypal.swift; sourceTree = "<group>"; };
		764CE66A2900BB69004CC59C /* Visa.swift */ = {isa = PBXFileReference; lastKnownFileType = sourcecode.swift; path = Visa.swift; sourceTree = "<group>"; };
		764CE66D2900BD56004CC59C /* CreditCardVisitor.swift */ = {isa = PBXFileReference; lastKnownFileType = sourcecode.swift; path = CreditCardVisitor.swift; sourceTree = "<group>"; };
		764CE66F2900BD73004CC59C /* OfferElement.swift */ = {isa = PBXFileReference; lastKnownFileType = sourcecode.swift; path = OfferElement.swift; sourceTree = "<group>"; };
		764CE6712900BD9C004CC59C /* GassolineOffer.swift */ = {isa = PBXFileReference; lastKnownFileType = sourcecode.swift; path = GassolineOffer.swift; sourceTree = "<group>"; };
		764CE6732900BE10004CC59C /* FligthOffer.swift */ = {isa = PBXFileReference; lastKnownFileType = sourcecode.swift; path = FligthOffer.swift; sourceTree = "<group>"; };
		764CE6752900BE43004CC59C /* ClassicCreditCardVisitor.swift */ = {isa = PBXFileReference; lastKnownFileType = sourcecode.swift; path = ClassicCreditCardVisitor.swift; sourceTree = "<group>"; };
		764CE6772900C914004CC59C /* BlackCreditCardVisitor.swift */ = {isa = PBXFileReference; lastKnownFileType = sourcecode.swift; path = BlackCreditCardVisitor.swift; sourceTree = "<group>"; };
		764CE67B2900D2CE004CC59C /* OperationTarget.swift */ = {isa = PBXFileReference; lastKnownFileType = sourcecode.swift; path = OperationTarget.swift; sourceTree = "<group>"; };
		764CE67D2900D2F0004CC59C /* OperationAdaptee.swift */ = {isa = PBXFileReference; lastKnownFileType = sourcecode.swift; path = OperationAdaptee.swift; sourceTree = "<group>"; };
		764CE67F2900D36B004CC59C /* OperationAdapter.swift */ = {isa = PBXFileReference; lastKnownFileType = sourcecode.swift; path = OperationAdapter.swift; sourceTree = "<group>"; };
		764CE6822900D5EC004CC59C /* CreditCardProtocol.swift */ = {isa = PBXFileReference; lastKnownFileType = sourcecode.swift; path = CreditCardProtocol.swift; sourceTree = "<group>"; };
		764CE6842900D610004CC59C /* SecureCreditCard.swift */ = {isa = PBXFileReference; lastKnownFileType = sourcecode.swift; path = SecureCreditCard.swift; sourceTree = "<group>"; };
		764CE6862900D647004CC59C /* UnsecureCreditCard.swift */ = {isa = PBXFileReference; lastKnownFileType = sourcecode.swift; path = UnsecureCreditCard.swift; sourceTree = "<group>"; };
		764CE6882900D685004CC59C /* CreditCardB.swift */ = {isa = PBXFileReference; lastKnownFileType = sourcecode.swift; path = CreditCardB.swift; sourceTree = "<group>"; };
		764CE68A2900D6D5004CC59C /* ClassicCreditCard.swift */ = {isa = PBXFileReference; lastKnownFileType = sourcecode.swift; path = ClassicCreditCard.swift; sourceTree = "<group>"; };
		768824F528F976530085EF18 /* DesignPatters.app */ = {isa = PBXFileReference; explicitFileType = wrapper.application; includeInIndex = 0; path = DesignPatters.app; sourceTree = BUILT_PRODUCTS_DIR; };
		768824F828F976530085EF18 /* AppDelegate.swift */ = {isa = PBXFileReference; lastKnownFileType = sourcecode.swift; path = AppDelegate.swift; sourceTree = "<group>"; };
		768824FA28F976530085EF18 /* SceneDelegate.swift */ = {isa = PBXFileReference; lastKnownFileType = sourcecode.swift; path = SceneDelegate.swift; sourceTree = "<group>"; };
		768824FC28F976530085EF18 /* ViewController.swift */ = {isa = PBXFileReference; lastKnownFileType = sourcecode.swift; path = ViewController.swift; sourceTree = "<group>"; };
		768824FF28F976530085EF18 /* Base */ = {isa = PBXFileReference; lastKnownFileType = file.storyboard; name = Base; path = Base.lproj/Main.storyboard; sourceTree = "<group>"; };
		7688250128F976570085EF18 /* Assets.xcassets */ = {isa = PBXFileReference; lastKnownFileType = folder.assetcatalog; path = Assets.xcassets; sourceTree = "<group>"; };
		7688250428F976570085EF18 /* Base */ = {isa = PBXFileReference; lastKnownFileType = file.storyboard; name = Base; path = Base.lproj/LaunchScreen.storyboard; sourceTree = "<group>"; };
		7688250628F976570085EF18 /* Info.plist */ = {isa = PBXFileReference; lastKnownFileType = text.plist.xml; path = Info.plist; sourceTree = "<group>"; };
		7688250E28F977490085EF18 /* Payment.swift */ = {isa = PBXFileReference; lastKnownFileType = sourcecode.swift; path = Payment.swift; sourceTree = "<group>"; };
		7688251028F9776D0085EF18 /* GooglePayment.swift */ = {isa = PBXFileReference; lastKnownFileType = sourcecode.swift; path = GooglePayment.swift; sourceTree = "<group>"; };
		76CFC9E1290016BA008AFF12 /* MobileAlertStateContext.swift */ = {isa = PBXFileReference; lastKnownFileType = sourcecode.swift; path = MobileAlertStateContext.swift; sourceTree = "<group>"; };
		76CFC9E3290016DC008AFF12 /* MobileAlertState.swift */ = {isa = PBXFileReference; lastKnownFileType = sourcecode.swift; path = MobileAlertState.swift; sourceTree = "<group>"; };
		76CFC9E52900170A008AFF12 /* Sound.swift */ = {isa = PBXFileReference; lastKnownFileType = sourcecode.swift; path = Sound.swift; sourceTree = "<group>"; };
		76CFC9E729001735008AFF12 /* Vibration.swift */ = {isa = PBXFileReference; lastKnownFileType = sourcecode.swift; path = Vibration.swift; sourceTree = "<group>"; };
		76CFC9E92900177D008AFF12 /* Slient.swift */ = {isa = PBXFileReference; lastKnownFileType = sourcecode.swift; path = Slient.swift; sourceTree = "<group>"; };
		76CFC9EC29001999008AFF12 /* Expression.swift */ = {isa = PBXFileReference; lastKnownFileType = sourcecode.swift; path = Expression.swift; sourceTree = "<group>"; };
		76CFC9EE290019C3008AFF12 /* AndExpression.swift */ = {isa = PBXFileReference; lastKnownFileType = sourcecode.swift; path = AndExpression.swift; sourceTree = "<group>"; };
		76CFC9F029001A50008AFF12 /* OrExpression.swift */ = {isa = PBXFileReference; lastKnownFileType = sourcecode.swift; path = OrExpression.swift; sourceTree = "<group>"; };
		76CFC9F229001A87008AFF12 /* TerminalExpression.swift */ = {isa = PBXFileReference; lastKnownFileType = sourcecode.swift; path = TerminalExpression.swift; sourceTree = "<group>"; };
		76CFC9F529001D1A008AFF12 /* StrategyTextFormatter.swift */ = {isa = PBXFileReference; lastKnownFileType = sourcecode.swift; path = StrategyTextFormatter.swift; sourceTree = "<group>"; };
		76CFC9F729001D75008AFF12 /* CapitalStrategyTextFormatter.swift */ = {isa = PBXFileReference; lastKnownFileType = sourcecode.swift; path = CapitalStrategyTextFormatter.swift; sourceTree = "<group>"; };
		76CFC9F929001DBE008AFF12 /* LowerStratefyTextFormatter.swift */ = {isa = PBXFileReference; lastKnownFileType = sourcecode.swift; path = LowerStratefyTextFormatter.swift; sourceTree = "<group>"; };
		76CFC9FC29001DED008AFF12 /* Context.swift */ = {isa = PBXFileReference; lastKnownFileType = sourcecode.swift; path = Context.swift; sourceTree = "<group>"; };
		76F4B5AB28FE2D6E008C01B2 /* ApprovedLoanHandler.swift */ = {isa = PBXFileReference; lastKnownFileType = sourcecode.swift; path = ApprovedLoanHandler.swift; sourceTree = "<group>"; };
		76F4B5AD28FE2DD1008C01B2 /* GoldHandler.swift */ = {isa = PBXFileReference; lastKnownFileType = sourcecode.swift; path = GoldHandler.swift; sourceTree = "<group>"; };
		76F4B5AF28FE2E80008C01B2 /* PlatiniumHandler.swift */ = {isa = PBXFileReference; lastKnownFileType = sourcecode.swift; path = PlatiniumHandler.swift; sourceTree = "<group>"; };
		76F4B5B128FE2ED3008C01B2 /* BlackHandler.swift */ = {isa = PBXFileReference; lastKnownFileType = sourcecode.swift; path = BlackHandler.swift; sourceTree = "<group>"; };
		76F4B5B328FE2F36008C01B2 /* BankHandler.swift */ = {isa = PBXFileReference; lastKnownFileType = sourcecode.swift; path = BankHandler.swift; sourceTree = "<group>"; };
		76F4B5B628FE38C6008C01B2 /* Command.swift */ = {isa = PBXFileReference; lastKnownFileType = sourcecode.swift; path = Command.swift; sourceTree = "<group>"; };
		76F4B5B828FE38E4008C01B2 /* CreditCardReceive.swift */ = {isa = PBXFileReference; lastKnownFileType = sourcecode.swift; path = CreditCardReceive.swift; sourceTree = "<group>"; };
		76F4B5BA28FE39AF008C01B2 /* CreditCardActivateCommand.swift */ = {isa = PBXFileReference; lastKnownFileType = sourcecode.swift; path = CreditCardActivateCommand.swift; sourceTree = "<group>"; };
		76F4B5BC28FE3A2B008C01B2 /* CreditCardDesactivateCommand.swift */ = {isa = PBXFileReference; lastKnownFileType = sourcecode.swift; path = CreditCardDesactivateCommand.swift; sourceTree = "<group>"; };
		76F4B5BE28FE3A87008C01B2 /* CreditCardInvoker.swift */ = {isa = PBXFileReference; lastKnownFileType = sourcecode.swift; path = CreditCardInvoker.swift; sourceTree = "<group>"; };
		76F4B5C128FE3DB1008C01B2 /* CreditCard.swift */ = {isa = PBXFileReference; lastKnownFileType = sourcecode.swift; path = CreditCard.swift; sourceTree = "<group>"; };
		76F4B5C328FE3DEE008C01B2 /* CreditCardCollection.swift */ = {isa = PBXFileReference; lastKnownFileType = sourcecode.swift; path = CreditCardCollection.swift; sourceTree = "<group>"; };
		76F4B5C528FE3E7C008C01B2 /* CreditCardIterator.swift */ = {isa = PBXFileReference; lastKnownFileType = sourcecode.swift; path = CreditCardIterator.swift; sourceTree = "<group>"; };
		76F4B5C828FE473C008C01B2 /* Mediator.swift */ = {isa = PBXFileReference; lastKnownFileType = sourcecode.swift; path = Mediator.swift; sourceTree = "<group>"; };
		76F4B5CA28FE475E008C01B2 /* Colleague.swift */ = {isa = PBXFileReference; lastKnownFileType = sourcecode.swift; path = Colleague.swift; sourceTree = "<group>"; };
		76F4B5CC28FE47B8008C01B2 /* ConcreteColleague1.swift */ = {isa = PBXFileReference; lastKnownFileType = sourcecode.swift; path = ConcreteColleague1.swift; sourceTree = "<group>"; };
		76F4B5CE28FE4828008C01B2 /* ConcreteColleague2.swift */ = {isa = PBXFileReference; lastKnownFileType = sourcecode.swift; path = ConcreteColleague2.swift; sourceTree = "<group>"; };
		76F4B5D028FE4863008C01B2 /* ConcreteMediator.swift */ = {isa = PBXFileReference; lastKnownFileType = sourcecode.swift; path = ConcreteMediator.swift; sourceTree = "<group>"; };
/* End PBXFileReference section */

/* Begin PBXFrameworksBuildPhase section */
		768824F228F976530085EF18 /* Frameworks */ = {
			isa = PBXFrameworksBuildPhase;
			buildActionMask = 2147483647;
			files = (
			);
			runOnlyForDeploymentPostprocessing = 0;
		};
/* End PBXFrameworksBuildPhase section */

/* Begin PBXGroup section */
		7628B5E828FCBFA400E77721 /* abstractFactory */ = {
			isa = PBXGroup;
			children = (
				7628B5E928FCBFBA00E77721 /* PaymentAF.swift */,
				7628B5EB28FCBFFE00E77721 /* CardPaymentAF.swift */,
				7628B5ED28FCC3DF00E77721 /* GooglePaymentAF.swift */,
				7628B5EF28FCC44400E77721 /* Method.swift */,
				7628B5F128FCC48100E77721 /* MonthlyMethod.swift */,
				7628B5F328FCC4E900E77721 /* PaymentAdvancedMethod.swift */,
				7628B5F528FCC56B00E77721 /* AbstractFactory.swift */,
				7628B5F728FCC5D000E77721 /* PaymentIntAdvancedCardFactory.swift */,
				7628B5F928FCC65500E77721 /* MonthlyGoogleFactory.swift */,
				7628B5FB28FCC6BA00E77721 /* PaymentMethodClient.swift */,
			);
			path = abstractFactory;
			sourceTree = "<group>";
		};
		7628B5FD28FCD1E500E77721 /* builder */ = {
			isa = PBXGroup;
			children = (
				7628B5FE28FCD25800E77721 /* Card.swift */,
			);
			path = builder;
			sourceTree = "<group>";
		};
		7628B60028FCEF3000E77721 /* Prototype */ = {
			isa = PBXGroup;
			children = (
				7628B60128FCEF7200E77721 /* PrototypeCard.swift */,
				7628B60328FCF03600E77721 /* VisaCard.swift */,
			);
			path = Prototype;
			sourceTree = "<group>";
		};
		7628B60528FCF6C500E77721 /* SIngleton */ = {
			isa = PBXGroup;
			children = (
				7628B60628FCF70B00E77721 /* CardSingleton.swift */,
			);
			path = SIngleton;
			sourceTree = "<group>";
		};
		763ACBE628FF809000B1D70D /* memento */ = {
			isa = PBXGroup;
			children = (
				763ACBE728FF80B700B1D70D /* ArticleMemento.swift */,
				763ACBE928FF80F000B1D70D /* ArticleOriginator.swift */,
				763ACBEB28FF818D00B1D70D /* Carataker.swift */,
			);
			path = memento;
			sourceTree = "<group>";
		};
		763ACBED28FF864300B1D70D /* observer */ = {
			isa = PBXGroup;
			children = (
				763ACBEE28FF865C00B1D70D /* TrafficLight.swift */,
				763ACBF028FF868F00B1D70D /* Observer.swift */,
				763ACBF228FF86B800B1D70D /* Subject.swift */,
				763ACBF428FF871000B1D70D /* MessagePublisher.swift */,
				763ACBF628FF9CE600B1D70D /* Car.swift */,
				763ACBF828FF9F6A00B1D70D /* Pedestrian.swift */,
			);
			path = observer;
			sourceTree = "<group>";
		};
		764CE6652900B9ED004CC59C /* template */ = {
			isa = PBXGroup;
			children = (
				764CE6662900B9F8004CC59C /* PaymentTemplate.swift */,
				764CE6682900BABE004CC59C /* Paypal.swift */,
				764CE66A2900BB69004CC59C /* Visa.swift */,
			);
			path = template;
			sourceTree = "<group>";
		};
		764CE66C2900BCFF004CC59C /* visitor */ = {
			isa = PBXGroup;
			children = (
				764CE66D2900BD56004CC59C /* CreditCardVisitor.swift */,
				764CE66F2900BD73004CC59C /* OfferElement.swift */,
				764CE6712900BD9C004CC59C /* GassolineOffer.swift */,
				764CE6732900BE10004CC59C /* FligthOffer.swift */,
				764CE6752900BE43004CC59C /* ClassicCreditCardVisitor.swift */,
				764CE6772900C914004CC59C /* BlackCreditCardVisitor.swift */,
			);
			path = visitor;
			sourceTree = "<group>";
		};
		764CE6792900D0D2004CC59C /* structural */ = {
			isa = PBXGroup;
			children = (
				764CE6812900D5BA004CC59C /* bridge */,
				764CE67A2900D103004CC59C /* adapter */,
			);
			path = structural;
			sourceTree = "<group>";
		};
		764CE67A2900D103004CC59C /* adapter */ = {
			isa = PBXGroup;
			children = (
				764CE67B2900D2CE004CC59C /* OperationTarget.swift */,
				764CE67D2900D2F0004CC59C /* OperationAdaptee.swift */,
				764CE67F2900D36B004CC59C /* OperationAdapter.swift */,
			);
			path = adapter;
			sourceTree = "<group>";
		};
		764CE6812900D5BA004CC59C /* bridge */ = {
			isa = PBXGroup;
			children = (
				764CE6822900D5EC004CC59C /* CreditCardProtocol.swift */,
				764CE6842900D610004CC59C /* SecureCreditCard.swift */,
				764CE6862900D647004CC59C /* UnsecureCreditCard.swift */,
				764CE6882900D685004CC59C /* CreditCardB.swift */,
				764CE68A2900D6D5004CC59C /* ClassicCreditCard.swift */,
			);
			path = bridge;
			sourceTree = "<group>";
		};
		768824EC28F976530085EF18 = {
			isa = PBXGroup;
			children = (
				768824F728F976530085EF18 /* DesignPatters */,
				768824F628F976530085EF18 /* Products */,
			);
			sourceTree = "<group>";
		};
		768824F628F976530085EF18 /* Products */ = {
			isa = PBXGroup;
			children = (
				768824F528F976530085EF18 /* DesignPatters.app */,
			);
			name = Products;
			sourceTree = "<group>";
		};
		768824F728F976530085EF18 /* DesignPatters */ = {
			isa = PBXGroup;
			children = (
				764CE6792900D0D2004CC59C /* structural */,
				76F4B5A928FE2CF7008C01B2 /* behavioral */,
				7688250C28F976730085EF18 /* creational */,
				768824F828F976530085EF18 /* AppDelegate.swift */,
				768824FA28F976530085EF18 /* SceneDelegate.swift */,
				768824FC28F976530085EF18 /* ViewController.swift */,
				768824FE28F976530085EF18 /* Main.storyboard */,
				7688250128F976570085EF18 /* Assets.xcassets */,
				7688250328F976570085EF18 /* LaunchScreen.storyboard */,
				7688250628F976570085EF18 /* Info.plist */,
			);
			path = DesignPatters;
			sourceTree = "<group>";
		};
		7688250C28F976730085EF18 /* creational */ = {
			isa = PBXGroup;
			children = (
				7628B60528FCF6C500E77721 /* SIngleton */,
				7628B60028FCEF3000E77721 /* Prototype */,
				7628B5FD28FCD1E500E77721 /* builder */,
				7628B5E828FCBFA400E77721 /* abstractFactory */,
				7688250D28F9767F0085EF18 /* FactoryMethod */,
			);
			path = creational;
			sourceTree = "<group>";
		};
		7688250D28F9767F0085EF18 /* FactoryMethod */ = {
			isa = PBXGroup;
			children = (
				7688250E28F977490085EF18 /* Payment.swift */,
				7688251028F9776D0085EF18 /* GooglePayment.swift */,
				76190E2028F977E90000A050 /* CardPayment.swift */,
				76190E2228F978480000A050 /* TypePayment.swift */,
				76190E2428F9788A0000A050 /* PaymentFactory.swift */,
			);
			path = FactoryMethod;
			sourceTree = "<group>";
		};
		76CFC9E02900165C008AFF12 /* state */ = {
			isa = PBXGroup;
			children = (
				76CFC9E1290016BA008AFF12 /* MobileAlertStateContext.swift */,
				76CFC9E3290016DC008AFF12 /* MobileAlertState.swift */,
				76CFC9E52900170A008AFF12 /* Sound.swift */,
				76CFC9E729001735008AFF12 /* Vibration.swift */,
				76CFC9E92900177D008AFF12 /* Slient.swift */,
			);
			path = state;
			sourceTree = "<group>";
		};
		76CFC9EB2900189B008AFF12 /* interpreter */ = {
			isa = PBXGroup;
			children = (
				76CFC9EC29001999008AFF12 /* Expression.swift */,
				76CFC9EE290019C3008AFF12 /* AndExpression.swift */,
				76CFC9F029001A50008AFF12 /* OrExpression.swift */,
				76CFC9F229001A87008AFF12 /* TerminalExpression.swift */,
			);
			path = interpreter;
			sourceTree = "<group>";
		};
		76CFC9F429001C7F008AFF12 /* strategy */ = {
			isa = PBXGroup;
			children = (
				76CFC9F529001D1A008AFF12 /* StrategyTextFormatter.swift */,
				76CFC9F729001D75008AFF12 /* CapitalStrategyTextFormatter.swift */,
				76CFC9F929001DBE008AFF12 /* LowerStratefyTextFormatter.swift */,
				76CFC9FC29001DED008AFF12 /* Context.swift */,
			);
			path = strategy;
			sourceTree = "<group>";
		};
		76F4B5A928FE2CF7008C01B2 /* behavioral */ = {
			isa = PBXGroup;
			children = (
				764CE66C2900BCFF004CC59C /* visitor */,
				764CE6652900B9ED004CC59C /* template */,
				76CFC9F429001C7F008AFF12 /* strategy */,
				76CFC9EB2900189B008AFF12 /* interpreter */,
				76CFC9E02900165C008AFF12 /* state */,
				763ACBED28FF864300B1D70D /* observer */,
				763ACBE628FF809000B1D70D /* memento */,
				76F4B5C728FE4486008C01B2 /* mediator */,
				76F4B5C028FE3D9F008C01B2 /* iterator */,
				76F4B5B528FE3856008C01B2 /* command */,
				76F4B5AA28FE2D30008C01B2 /* chainResponsability */,
			);
			path = behavioral;
			sourceTree = "<group>";
		};
		76F4B5AA28FE2D30008C01B2 /* chainResponsability */ = {
			isa = PBXGroup;
			children = (
				76F4B5AB28FE2D6E008C01B2 /* ApprovedLoanHandler.swift */,
				76F4B5AD28FE2DD1008C01B2 /* GoldHandler.swift */,
				76F4B5AF28FE2E80008C01B2 /* PlatiniumHandler.swift */,
				76F4B5B128FE2ED3008C01B2 /* BlackHandler.swift */,
				76F4B5B328FE2F36008C01B2 /* BankHandler.swift */,
			);
			path = chainResponsability;
			sourceTree = "<group>";
		};
		76F4B5B528FE3856008C01B2 /* command */ = {
			isa = PBXGroup;
			children = (
				76F4B5B628FE38C6008C01B2 /* Command.swift */,
				76F4B5B828FE38E4008C01B2 /* CreditCardReceive.swift */,
				76F4B5BA28FE39AF008C01B2 /* CreditCardActivateCommand.swift */,
				76F4B5BC28FE3A2B008C01B2 /* CreditCardDesactivateCommand.swift */,
				76F4B5BE28FE3A87008C01B2 /* CreditCardInvoker.swift */,
			);
			path = command;
			sourceTree = "<group>";
		};
		76F4B5C028FE3D9F008C01B2 /* iterator */ = {
			isa = PBXGroup;
			children = (
				76F4B5C128FE3DB1008C01B2 /* CreditCard.swift */,
				76F4B5C328FE3DEE008C01B2 /* CreditCardCollection.swift */,
				76F4B5C528FE3E7C008C01B2 /* CreditCardIterator.swift */,
			);
			path = iterator;
			sourceTree = "<group>";
		};
		76F4B5C728FE4486008C01B2 /* mediator */ = {
			isa = PBXGroup;
			children = (
				76F4B5C828FE473C008C01B2 /* Mediator.swift */,
				76F4B5CA28FE475E008C01B2 /* Colleague.swift */,
				76F4B5CC28FE47B8008C01B2 /* ConcreteColleague1.swift */,
				76F4B5CE28FE4828008C01B2 /* ConcreteColleague2.swift */,
				76F4B5D028FE4863008C01B2 /* ConcreteMediator.swift */,
			);
			path = mediator;
			sourceTree = "<group>";
		};
/* End PBXGroup section */

/* Begin PBXNativeTarget section */
		768824F428F976530085EF18 /* DesignPatters */ = {
			isa = PBXNativeTarget;
			buildConfigurationList = 7688250928F976570085EF18 /* Build configuration list for PBXNativeTarget "DesignPatters" */;
			buildPhases = (
				768824F128F976530085EF18 /* Sources */,
				768824F228F976530085EF18 /* Frameworks */,
				768824F328F976530085EF18 /* Resources */,
			);
			buildRules = (
			);
			dependencies = (
			);
			name = DesignPatters;
			productName = DesignPatters;
			productReference = 768824F528F976530085EF18 /* DesignPatters.app */;
			productType = "com.apple.product-type.application";
		};
/* End PBXNativeTarget section */

/* Begin PBXProject section */
		768824ED28F976530085EF18 /* Project object */ = {
			isa = PBXProject;
			attributes = {
				BuildIndependentTargetsInParallel = 1;
				LastSwiftUpdateCheck = 1330;
				LastUpgradeCheck = 1330;
				TargetAttributes = {
					768824F428F976530085EF18 = {
						CreatedOnToolsVersion = 13.3.1;
					};
				};
			};
			buildConfigurationList = 768824F028F976530085EF18 /* Build configuration list for PBXProject "DesignPatters" */;
			compatibilityVersion = "Xcode 13.0";
			developmentRegion = en;
			hasScannedForEncodings = 0;
			knownRegions = (
				en,
				Base,
			);
			mainGroup = 768824EC28F976530085EF18;
			productRefGroup = 768824F628F976530085EF18 /* Products */;
			projectDirPath = "";
			projectRoot = "";
			targets = (
				768824F428F976530085EF18 /* DesignPatters */,
			);
		};
/* End PBXProject section */

/* Begin PBXResourcesBuildPhase section */
		768824F328F976530085EF18 /* Resources */ = {
			isa = PBXResourcesBuildPhase;
			buildActionMask = 2147483647;
			files = (
				7688250528F976570085EF18 /* LaunchScreen.storyboard in Resources */,
				7688250228F976570085EF18 /* Assets.xcassets in Resources */,
				7688250028F976530085EF18 /* Main.storyboard in Resources */,
			);
			runOnlyForDeploymentPostprocessing = 0;
		};
/* End PBXResourcesBuildPhase section */

/* Begin PBXSourcesBuildPhase section */
		768824F128F976530085EF18 /* Sources */ = {
			isa = PBXSourcesBuildPhase;
			buildActionMask = 2147483647;
			files = (
				76F4B5B228FE2ED3008C01B2 /* BlackHandler.swift in Sources */,
				764CE66B2900BB69004CC59C /* Visa.swift in Sources */,
				763ACBF128FF868F00B1D70D /* Observer.swift in Sources */,
				76CFC9E4290016DC008AFF12 /* MobileAlertState.swift in Sources */,
				763ACBE828FF80B700B1D70D /* ArticleMemento.swift in Sources */,
				76F4B5D128FE4863008C01B2 /* ConcreteMediator.swift in Sources */,
				7628B5FC28FCC6BA00E77721 /* PaymentMethodClient.swift in Sources */,
				763ACBF928FF9F6A00B1D70D /* Pedestrian.swift in Sources */,
				768824FD28F976530085EF18 /* ViewController.swift in Sources */,
				76CFC9E829001735008AFF12 /* Vibration.swift in Sources */,
				764CE6872900D647004CC59C /* UnsecureCreditCard.swift in Sources */,
				76CFC9F629001D1A008AFF12 /* StrategyTextFormatter.swift in Sources */,
				7628B60428FCF03600E77721 /* VisaCard.swift in Sources */,
				764CE6742900BE10004CC59C /* FligthOffer.swift in Sources */,
				76CFC9EA2900177D008AFF12 /* Slient.swift in Sources */,
				76F4B5B028FE2E80008C01B2 /* PlatiniumHandler.swift in Sources */,
				763ACBF328FF86B800B1D70D /* Subject.swift in Sources */,
				764CE6692900BABE004CC59C /* Paypal.swift in Sources */,
				764CE68B2900D6D5004CC59C /* ClassicCreditCard.swift in Sources */,
				76F4B5BF28FE3A87008C01B2 /* CreditCardInvoker.swift in Sources */,
				7628B5FF28FCD25800E77721 /* Card.swift in Sources */,
				76F4B5CF28FE4828008C01B2 /* ConcreteColleague2.swift in Sources */,
				764CE6702900BD73004CC59C /* OfferElement.swift in Sources */,
				7628B5EA28FCBFBA00E77721 /* PaymentAF.swift in Sources */,
				76F4B5C428FE3DEE008C01B2 /* CreditCardCollection.swift in Sources */,
				76F4B5CB28FE475E008C01B2 /* Colleague.swift in Sources */,
				764CE67C2900D2CE004CC59C /* OperationTarget.swift in Sources */,
				768824F928F976530085EF18 /* AppDelegate.swift in Sources */,
				76190E2328F978480000A050 /* TypePayment.swift in Sources */,
				7628B60228FCEF7200E77721 /* PrototypeCard.swift in Sources */,
				76F4B5AE28FE2DD1008C01B2 /* GoldHandler.swift in Sources */,
				76F4B5B728FE38C6008C01B2 /* Command.swift in Sources */,
				7628B5EE28FCC3DF00E77721 /* GooglePaymentAF.swift in Sources */,
				76F4B5CD28FE47B8008C01B2 /* ConcreteColleague1.swift in Sources */,
				76190E2128F977EA0000A050 /* CardPayment.swift in Sources */,
				7688251128F9776D0085EF18 /* GooglePayment.swift in Sources */,
				76F4B5BB28FE39AF008C01B2 /* CreditCardActivateCommand.swift in Sources */,
				76F4B5C928FE473C008C01B2 /* Mediator.swift in Sources */,
				763ACBF728FF9CE600B1D70D /* Car.swift in Sources */,
				76CFC9E2290016BA008AFF12 /* MobileAlertStateContext.swift in Sources */,
				7628B5F828FCC5D000E77721 /* PaymentIntAdvancedCardFactory.swift in Sources */,
				76CFC9EF290019C3008AFF12 /* AndExpression.swift in Sources */,
				76190E2528F9788A0000A050 /* PaymentFactory.swift in Sources */,
				7628B5F228FCC48100E77721 /* MonthlyMethod.swift in Sources */,
				764CE66E2900BD56004CC59C /* CreditCardVisitor.swift in Sources */,
				764CE6782900C914004CC59C /* BlackCreditCardVisitor.swift in Sources */,
				76CFC9FD29001DED008AFF12 /* Context.swift in Sources */,
				763ACBF528FF871000B1D70D /* MessagePublisher.swift in Sources */,
				7628B5F028FCC44400E77721 /* Method.swift in Sources */,
				764CE6802900D36B004CC59C /* OperationAdapter.swift in Sources */,
				764CE6832900D5EC004CC59C /* CreditCardProtocol.swift in Sources */,
				764CE6672900B9F8004CC59C /* PaymentTemplate.swift in Sources */,
				76CFC9F129001A50008AFF12 /* OrExpression.swift in Sources */,
				76F4B5C628FE3E7C008C01B2 /* CreditCardIterator.swift in Sources */,
				7628B5EC28FCBFFE00E77721 /* CardPaymentAF.swift in Sources */,
				76CFC9F329001A87008AFF12 /* TerminalExpression.swift in Sources */,
				76CFC9F829001D75008AFF12 /* CapitalStrategyTextFormatter.swift in Sources */,
				76F4B5B928FE38E4008C01B2 /* CreditCardReceive.swift in Sources */,
				76CFC9FA29001DBE008AFF12 /* LowerStratefyTextFormatter.swift in Sources */,
				7628B5F428FCC4E900E77721 /* PaymentAdvancedMethod.swift in Sources */,
				76CFC9E62900170A008AFF12 /* Sound.swift in Sources */,
				764CE6722900BD9C004CC59C /* GassolineOffer.swift in Sources */,
				7628B5F628FCC56B00E77721 /* AbstractFactory.swift in Sources */,
				7688250F28F977490085EF18 /* Payment.swift in Sources */,
				764CE6892900D685004CC59C /* CreditCardB.swift in Sources */,
				76F4B5AC28FE2D6E008C01B2 /* ApprovedLoanHandler.swift in Sources */,
				76F4B5C228FE3DB1008C01B2 /* CreditCard.swift in Sources */,
				7628B5FA28FCC65500E77721 /* MonthlyGoogleFactory.swift in Sources */,
				763ACBEA28FF80F000B1D70D /* ArticleOriginator.swift in Sources */,
				763ACBEC28FF818D00B1D70D /* Carataker.swift in Sources */,
				76CFC9ED29001999008AFF12 /* Expression.swift in Sources */,
				768824FB28F976530085EF18 /* SceneDelegate.swift in Sources */,
				764CE67E2900D2F0004CC59C /* OperationAdaptee.swift in Sources */,
				763ACBEF28FF865C00B1D70D /* TrafficLight.swift in Sources */,
				764CE6762900BE43004CC59C /* ClassicCreditCardVisitor.swift in Sources */,
				7628B60728FCF70B00E77721 /* CardSingleton.swift in Sources */,
				764CE6852900D610004CC59C /* SecureCreditCard.swift in Sources */,
				76F4B5B428FE2F36008C01B2 /* BankHandler.swift in Sources */,
				76F4B5BD28FE3A2B008C01B2 /* CreditCardDesactivateCommand.swift in Sources */,
			);
			runOnlyForDeploymentPostprocessing = 0;
		};
/* End PBXSourcesBuildPhase section */

/* Begin PBXVariantGroup section */
		768824FE28F976530085EF18 /* Main.storyboard */ = {
			isa = PBXVariantGroup;
			children = (
				768824FF28F976530085EF18 /* Base */,
			);
			name = Main.storyboard;
			sourceTree = "<group>";
		};
		7688250328F976570085EF18 /* LaunchScreen.storyboard */ = {
			isa = PBXVariantGroup;
			children = (
				7688250428F976570085EF18 /* Base */,
			);
			name = LaunchScreen.storyboard;
			sourceTree = "<group>";
		};
/* End PBXVariantGroup section */

/* Begin XCBuildConfiguration section */
		7688250728F976570085EF18 /* Debug */ = {
			isa = XCBuildConfiguration;
			buildSettings = {
				ALWAYS_SEARCH_USER_PATHS = NO;
				CLANG_ANALYZER_NONNULL = YES;
				CLANG_ANALYZER_NUMBER_OBJECT_CONVERSION = YES_AGGRESSIVE;
				CLANG_CXX_LANGUAGE_STANDARD = "gnu++17";
				CLANG_ENABLE_MODULES = YES;
				CLANG_ENABLE_OBJC_ARC = YES;
				CLANG_ENABLE_OBJC_WEAK = YES;
				CLANG_WARN_BLOCK_CAPTURE_AUTORELEASING = YES;
				CLANG_WARN_BOOL_CONVERSION = YES;
				CLANG_WARN_COMMA = YES;
				CLANG_WARN_CONSTANT_CONVERSION = YES;
				CLANG_WARN_DEPRECATED_OBJC_IMPLEMENTATIONS = YES;
				CLANG_WARN_DIRECT_OBJC_ISA_USAGE = YES_ERROR;
				CLANG_WARN_DOCUMENTATION_COMMENTS = YES;
				CLANG_WARN_EMPTY_BODY = YES;
				CLANG_WARN_ENUM_CONVERSION = YES;
				CLANG_WARN_INFINITE_RECURSION = YES;
				CLANG_WARN_INT_CONVERSION = YES;
				CLANG_WARN_NON_LITERAL_NULL_CONVERSION = YES;
				CLANG_WARN_OBJC_IMPLICIT_RETAIN_SELF = YES;
				CLANG_WARN_OBJC_LITERAL_CONVERSION = YES;
				CLANG_WARN_OBJC_ROOT_CLASS = YES_ERROR;
				CLANG_WARN_QUOTED_INCLUDE_IN_FRAMEWORK_HEADER = YES;
				CLANG_WARN_RANGE_LOOP_ANALYSIS = YES;
				CLANG_WARN_STRICT_PROTOTYPES = YES;
				CLANG_WARN_SUSPICIOUS_MOVE = YES;
				CLANG_WARN_UNGUARDED_AVAILABILITY = YES_AGGRESSIVE;
				CLANG_WARN_UNREACHABLE_CODE = YES;
				CLANG_WARN__DUPLICATE_METHOD_MATCH = YES;
				COPY_PHASE_STRIP = NO;
				DEBUG_INFORMATION_FORMAT = dwarf;
				ENABLE_STRICT_OBJC_MSGSEND = YES;
				ENABLE_TESTABILITY = YES;
				GCC_C_LANGUAGE_STANDARD = gnu11;
				GCC_DYNAMIC_NO_PIC = NO;
				GCC_NO_COMMON_BLOCKS = YES;
				GCC_OPTIMIZATION_LEVEL = 0;
				GCC_PREPROCESSOR_DEFINITIONS = (
					"DEBUG=1",
					"$(inherited)",
				);
				GCC_WARN_64_TO_32_BIT_CONVERSION = YES;
				GCC_WARN_ABOUT_RETURN_TYPE = YES_ERROR;
				GCC_WARN_UNDECLARED_SELECTOR = YES;
				GCC_WARN_UNINITIALIZED_AUTOS = YES_AGGRESSIVE;
				GCC_WARN_UNUSED_FUNCTION = YES;
				GCC_WARN_UNUSED_VARIABLE = YES;
				IPHONEOS_DEPLOYMENT_TARGET = 15.4;
				MTL_ENABLE_DEBUG_INFO = INCLUDE_SOURCE;
				MTL_FAST_MATH = YES;
				ONLY_ACTIVE_ARCH = YES;
				SDKROOT = iphoneos;
				SWIFT_ACTIVE_COMPILATION_CONDITIONS = DEBUG;
				SWIFT_OPTIMIZATION_LEVEL = "-Onone";
			};
			name = Debug;
		};
		7688250828F976570085EF18 /* Release */ = {
			isa = XCBuildConfiguration;
			buildSettings = {
				ALWAYS_SEARCH_USER_PATHS = NO;
				CLANG_ANALYZER_NONNULL = YES;
				CLANG_ANALYZER_NUMBER_OBJECT_CONVERSION = YES_AGGRESSIVE;
				CLANG_CXX_LANGUAGE_STANDARD = "gnu++17";
				CLANG_ENABLE_MODULES = YES;
				CLANG_ENABLE_OBJC_ARC = YES;
				CLANG_ENABLE_OBJC_WEAK = YES;
				CLANG_WARN_BLOCK_CAPTURE_AUTORELEASING = YES;
				CLANG_WARN_BOOL_CONVERSION = YES;
				CLANG_WARN_COMMA = YES;
				CLANG_WARN_CONSTANT_CONVERSION = YES;
				CLANG_WARN_DEPRECATED_OBJC_IMPLEMENTATIONS = YES;
				CLANG_WARN_DIRECT_OBJC_ISA_USAGE = YES_ERROR;
				CLANG_WARN_DOCUMENTATION_COMMENTS = YES;
				CLANG_WARN_EMPTY_BODY = YES;
				CLANG_WARN_ENUM_CONVERSION = YES;
				CLANG_WARN_INFINITE_RECURSION = YES;
				CLANG_WARN_INT_CONVERSION = YES;
				CLANG_WARN_NON_LITERAL_NULL_CONVERSION = YES;
				CLANG_WARN_OBJC_IMPLICIT_RETAIN_SELF = YES;
				CLANG_WARN_OBJC_LITERAL_CONVERSION = YES;
				CLANG_WARN_OBJC_ROOT_CLASS = YES_ERROR;
				CLANG_WARN_QUOTED_INCLUDE_IN_FRAMEWORK_HEADER = YES;
				CLANG_WARN_RANGE_LOOP_ANALYSIS = YES;
				CLANG_WARN_STRICT_PROTOTYPES = YES;
				CLANG_WARN_SUSPICIOUS_MOVE = YES;
				CLANG_WARN_UNGUARDED_AVAILABILITY = YES_AGGRESSIVE;
				CLANG_WARN_UNREACHABLE_CODE = YES;
				CLANG_WARN__DUPLICATE_METHOD_MATCH = YES;
				COPY_PHASE_STRIP = NO;
				DEBUG_INFORMATION_FORMAT = "dwarf-with-dsym";
				ENABLE_NS_ASSERTIONS = NO;
				ENABLE_STRICT_OBJC_MSGSEND = YES;
				GCC_C_LANGUAGE_STANDARD = gnu11;
				GCC_NO_COMMON_BLOCKS = YES;
				GCC_WARN_64_TO_32_BIT_CONVERSION = YES;
				GCC_WARN_ABOUT_RETURN_TYPE = YES_ERROR;
				GCC_WARN_UNDECLARED_SELECTOR = YES;
				GCC_WARN_UNINITIALIZED_AUTOS = YES_AGGRESSIVE;
				GCC_WARN_UNUSED_FUNCTION = YES;
				GCC_WARN_UNUSED_VARIABLE = YES;
				IPHONEOS_DEPLOYMENT_TARGET = 15.4;
				MTL_ENABLE_DEBUG_INFO = NO;
				MTL_FAST_MATH = YES;
				SDKROOT = iphoneos;
				SWIFT_COMPILATION_MODE = wholemodule;
				SWIFT_OPTIMIZATION_LEVEL = "-O";
				VALIDATE_PRODUCT = YES;
			};
			name = Release;
		};
		7688250A28F976570085EF18 /* Debug */ = {
			isa = XCBuildConfiguration;
			buildSettings = {
				ASSETCATALOG_COMPILER_APPICON_NAME = AppIcon;
				ASSETCATALOG_COMPILER_GLOBAL_ACCENT_COLOR_NAME = AccentColor;
				CODE_SIGN_STYLE = Automatic;
				CURRENT_PROJECT_VERSION = 1;
				GENERATE_INFOPLIST_FILE = YES;
				INFOPLIST_FILE = DesignPatters/Info.plist;
				INFOPLIST_KEY_UIApplicationSupportsIndirectInputEvents = YES;
				INFOPLIST_KEY_UILaunchStoryboardName = LaunchScreen;
				INFOPLIST_KEY_UIMainStoryboardFile = Main;
				INFOPLIST_KEY_UISupportedInterfaceOrientations_iPad = "UIInterfaceOrientationPortrait UIInterfaceOrientationPortraitUpsideDown UIInterfaceOrientationLandscapeLeft UIInterfaceOrientationLandscapeRight";
				INFOPLIST_KEY_UISupportedInterfaceOrientations_iPhone = "UIInterfaceOrientationPortrait UIInterfaceOrientationLandscapeLeft UIInterfaceOrientationLandscapeRight";
				LD_RUNPATH_SEARCH_PATHS = (
					"$(inherited)",
					"@executable_path/Frameworks",
				);
				MARKETING_VERSION = 1.0;
				PRODUCT_BUNDLE_IDENTIFIER = com.iscrozo.DesignPatters;
				PRODUCT_NAME = "$(TARGET_NAME)";
				SWIFT_EMIT_LOC_STRINGS = YES;
				SWIFT_VERSION = 5.0;
				TARGETED_DEVICE_FAMILY = "1,2";
			};
			name = Debug;
		};
		7688250B28F976570085EF18 /* Release */ = {
			isa = XCBuildConfiguration;
			buildSettings = {
				ASSETCATALOG_COMPILER_APPICON_NAME = AppIcon;
				ASSETCATALOG_COMPILER_GLOBAL_ACCENT_COLOR_NAME = AccentColor;
				CODE_SIGN_STYLE = Automatic;
				CURRENT_PROJECT_VERSION = 1;
				GENERATE_INFOPLIST_FILE = YES;
				INFOPLIST_FILE = DesignPatters/Info.plist;
				INFOPLIST_KEY_UIApplicationSupportsIndirectInputEvents = YES;
				INFOPLIST_KEY_UILaunchStoryboardName = LaunchScreen;
				INFOPLIST_KEY_UIMainStoryboardFile = Main;
				INFOPLIST_KEY_UISupportedInterfaceOrientations_iPad = "UIInterfaceOrientationPortrait UIInterfaceOrientationPortraitUpsideDown UIInterfaceOrientationLandscapeLeft UIInterfaceOrientationLandscapeRight";
				INFOPLIST_KEY_UISupportedInterfaceOrientations_iPhone = "UIInterfaceOrientationPortrait UIInterfaceOrientationLandscapeLeft UIInterfaceOrientationLandscapeRight";
				LD_RUNPATH_SEARCH_PATHS = (
					"$(inherited)",
					"@executable_path/Frameworks",
				);
				MARKETING_VERSION = 1.0;
				PRODUCT_BUNDLE_IDENTIFIER = com.iscrozo.DesignPatters;
				PRODUCT_NAME = "$(TARGET_NAME)";
				SWIFT_EMIT_LOC_STRINGS = YES;
				SWIFT_VERSION = 5.0;
				TARGETED_DEVICE_FAMILY = "1,2";
			};
			name = Release;
		};
/* End XCBuildConfiguration section */

/* Begin XCConfigurationList section */
		768824F028F976530085EF18 /* Build configuration list for PBXProject "DesignPatters" */ = {
			isa = XCConfigurationList;
			buildConfigurations = (
				7688250728F976570085EF18 /* Debug */,
				7688250828F976570085EF18 /* Release */,
			);
			defaultConfigurationIsVisible = 0;
			defaultConfigurationName = Release;
		};
		7688250928F976570085EF18 /* Build configuration list for PBXNativeTarget "DesignPatters" */ = {
			isa = XCConfigurationList;
			buildConfigurations = (
				7688250A28F976570085EF18 /* Debug */,
				7688250B28F976570085EF18 /* Release */,
			);
			defaultConfigurationIsVisible = 0;
			defaultConfigurationName = Release;
		};
/* End XCConfigurationList section */
	};
	rootObject = 768824ED28F976530085EF18 /* Project object */;
}
